
Microsoft Visual Studio Solution File, Format Version 12.00
# Visual Studio Version 16
VisualStudioVersion = 25.0.1706.0
MinimumVisualStudioVersion = 10.0.40219.1
Project("{FAE04EC0-301F-11D3-BF4B-00C04F79EFBC}") = "buzzfeed-solo", "buzzfeed-solo\buzzfeed-solo.csproj", "{DAB0216C-2227-4E47-985B-208771F32935}"
EndProject
Global
	GlobalSection(SolutionConfigurationPlatforms) = preSolution
		Debug|Any CPU = Debug|Any CPU
		Release|Any CPU = Release|Any CPU
	EndGlobalSection
	GlobalSection(ProjectConfigurationPlatforms) = postSolution
		{DAB0216C-2227-4E47-985B-208771F32935}.Debug|Any CPU.ActiveCfg = Debug|Any CPU
		{DAB0216C-2227-4E47-985B-208771F32935}.Debug|Any CPU.Build.0 = Debug|Any CPU
		{DAB0216C-2227-4E47-985B-208771F32935}.Release|Any CPU.ActiveCfg = Release|Any CPU
		{DAB0216C-2227-4E47-985B-208771F32935}.Release|Any CPU.Build.0 = Release|Any CPU
	EndGlobalSection
	GlobalSection(SolutionProperties) = preSolution
		HideSolutionNode = FALSE
	EndGlobalSection
	GlobalSection(ExtensibilityGlobals) = postSolution
		SolutionGuid = {AF522B84-D628-4108-AA39-9AC131F200D6}
	EndGlobalSection
EndGlobal
